{
  "version": 4,
  "terraform_version": "0.13.4",
  "serial": 101,
  "lineage": "6e6194c9-f538-ee95-e382-f54f97bf177d",
  "outputs": {
    "lambda_invoke_url": {
      "value": "arn:aws:apigateway:us-east-1:lambda:path/2015-03-31/functions/arn:aws:lambda:us-east-1:423089250500:function:testlambda1/invocations",
      "type": "string"
    },
    "lambda_name": {
      "value": "testlambda1",
      "type": "string"
    }
  },
  "resources": [
    {
      "mode": "managed",
      "type": "aws_iam_role_policy_attachment",
      "name": "role-policy-attach",
      "provider": "provider[\"registry.terraform.io/hashicorp/aws\"]",
      "instances": [
        {
          "index_key": 0,
          "schema_version": 0,
          "attributes": {
            "id": "lambda_role-20210303135549706300000003",
            "policy_arn": "arn:aws:iam::aws:policy/AWSLakeFormationDataAdmin",
            "role": "lambda_role"
          },
          "private": "bnVsbA==",
          "dependencies": [
            "module.iam_role.aws_iam_role.lambda_exec"
          ]
        },
        {
          "index_key": 1,
          "schema_version": 0,
          "attributes": {
            "id": "lambda_role-20210303135549744100000006",
            "policy_arn": "arn:aws:iam::aws:policy/service-role/AWSLambdaBasicExecutionRole",
            "role": "lambda_role"
          },
          "private": "bnVsbA==",
          "dependencies": [
            "module.iam_role.aws_iam_role.lambda_exec"
          ]
        },
        {
          "index_key": 2,
          "schema_version": 0,
          "attributes": {
            "id": "lambda_role-20210303135550576500000009",
            "policy_arn": "arn:aws:iam::aws:policy/AWSLambda_FullAccess",
            "role": "lambda_role"
          },
          "private": "bnVsbA==",
          "dependencies": [
            "module.iam_role.aws_iam_role.lambda_exec"
          ]
        },
        {
          "index_key": 3,
          "schema_version": 0,
          "attributes": {
            "id": "lambda_role-20210303135549776100000008",
            "policy_arn": "arn:aws:iam::aws:policy/AWSGlueConsoleFullAccess",
            "role": "lambda_role"
          },
          "private": "bnVsbA==",
          "dependencies": [
            "module.iam_role.aws_iam_role.lambda_exec"
          ]
        },
        {
          "index_key": 4,
          "schema_version": 0,
          "attributes": {
            "id": "lambda_role-20210303135549765300000007",
            "policy_arn": "arn:aws:iam::aws:policy/AmazonRedshiftDataFullAccess",
            "role": "lambda_role"
          },
          "private": "bnVsbA==",
          "dependencies": [
            "module.iam_role.aws_iam_role.lambda_exec"
          ]
        },
        {
          "index_key": 5,
          "schema_version": 0,
          "attributes": {
            "id": "lambda_role-20210303135549722100000004",
            "policy_arn": "arn:aws:iam::aws:policy/AmazonRedshiftFullAccess",
            "role": "lambda_role"
          },
          "private": "bnVsbA==",
          "dependencies": [
            "module.iam_role.aws_iam_role.lambda_exec"
          ]
        },
        {
          "index_key": 6,
          "schema_version": 0,
          "attributes": {
            "id": "lambda_role-20210303135549741100000005",
            "policy_arn": "arn:aws:iam::aws:policy/SecretsManagerReadWrite",
            "role": "lambda_role"
          },
          "private": "bnVsbA==",
          "dependencies": [
            "module.iam_role.aws_iam_role.lambda_exec"
          ]
        },
        {
          "index_key": 7,
          "schema_version": 0,
          "attributes": {
            "id": "lambda_role-20210303135549693100000002",
            "policy_arn": "arn:aws:iam::aws:policy/service-role/AmazonAPIGatewayPushToCloudWatchLogs",
            "role": "lambda_role"
          },
          "private": "bnVsbA==",
          "dependencies": [
            "module.iam_role.aws_iam_role.lambda_exec"
          ]
        },
        {
          "index_key": 8,
          "schema_version": 0,
          "attributes": {
            "id": "lambda_role-20210303135549666100000001",
            "policy_arn": "arn:aws:iam::aws:policy/AmazonRedshiftFullAccess",
            "role": "lambda_role"
          },
          "private": "bnVsbA==",
          "dependencies": [
            "module.iam_role.aws_iam_role.lambda_exec"
          ]
        }
      ]
    },
    {
      "module": "module.aws_iam_policy",
      "mode": "managed",
      "type": "aws_iam_policy",
      "name": "lambda_log_policy",
      "provider": "provider[\"registry.terraform.io/hashicorp/aws\"]",
      "instances": [
        {
          "schema_version": 0,
          "attributes": {
            "arn": "arn:aws:iam::423089250500:policy/lambda_logging",
            "description": "IAM policy for logging from a lambda",
            "id": "arn:aws:iam::423089250500:policy/lambda_logging",
            "name": "lambda_logging",
            "name_prefix": null,
            "path": "/",
            "policy": "{\r\n  \"Version\": \"2012-10-17\",\r\n  \"Statement\": [\r\n      {\r\n          \"Effect\": \"Allow\",\r\n          \"Action\": [\r\n              \"logs:CreateLogGroup\",\r\n              \"logs:CreateLogStream\",\r\n              \"logs:PutLogEvents\"\r\n          ],\r\n          \"Resource\": \"arn:aws:logs:*:*:*\"\r\n      },\r\n      {\r\n          \"Effect\": \"Allow\",\r\n          \"Action\": [\r\n              \"iam:CreateUser\",\r\n              \"iam:CreateAccessKey\",\r\n              \"iam:AttachUserPolicy\",\r\n              \"iam:AttachRolePolicy\"\r\n          ],\r\n          \"Resource\": \"*\"\r\n      }\r\n\t  \r\n    ]\r\n}\r\n"
          },
          "private": "bnVsbA=="
        }
      ]
    },
    {
      "module": "module.cloudwatch",
      "mode": "managed",
      "type": "aws_cloudwatch_log_group",
      "name": "crawford",
      "provider": "provider[\"registry.terraform.io/hashicorp/aws\"]",
      "instances": [
        {
          "schema_version": 0,
          "attributes": {
            "arn": "arn:aws:logs:us-east-1:423089250500:log-group:/aws/lambda/testlambda1",
            "id": "/aws/lambda/testlambda1",
            "kms_key_id": "",
            "name": "/aws/lambda/testlambda1",
            "name_prefix": null,
            "retention_in_days": 14,
            "tags": {}
          },
          "private": "bnVsbA==",
          "dependencies": [
            "module.iam_role.aws_iam_role.lambda_exec",
            "module.lambda_function_in_vpc.aws_lambda_function.lambda_vpc"
          ]
        }
      ]
    },
    {
      "module": "module.gateway_deployment",
      "mode": "managed",
      "type": "aws_api_gateway_deployment",
      "name": "api_dep",
      "provider": "provider[\"registry.terraform.io/hashicorp/aws\"]",
      "instances": [
        {
          "schema_version": 0,
          "attributes": {
            "created_date": "2021-03-03T14:52:23Z",
            "description": "",
            "execution_arn": "arn:aws:execute-api:us-east-1:423089250500:9tih3auhtl/dev",
            "id": "hzm6kf",
            "invoke_url": "https://9tih3auhtl.execute-api.us-east-1.amazonaws.com/dev",
            "rest_api_id": "9tih3auhtl",
            "stage_description": null,
            "stage_name": "dev",
            "triggers": null,
            "variables": null
          },
          "private": "bnVsbA==",
          "dependencies": [
            "module.gateway_integration.aws_api_gateway_integration.lambda",
            "module.gateway_method.aws_api_gateway_method.proxy",
            "module.iam_role.aws_iam_role.lambda_exec",
            "module.lambda_function_in_vpc.aws_lambda_function.lambda_vpc",
            "module.restapi.aws_api_gateway_rest_api.rest_api_gateway"
          ]
        }
      ]
    },
    {
      "module": "module.gateway_integration",
      "mode": "managed",
      "type": "aws_api_gateway_integration",
      "name": "lambda",
      "provider": "provider[\"registry.terraform.io/hashicorp/aws\"]",
      "instances": [
        {
          "schema_version": 0,
          "attributes": {
            "cache_key_parameters": [],
            "cache_namespace": "tnqat9",
            "connection_id": "",
            "connection_type": "INTERNET",
            "content_handling": "",
            "credentials": "",
            "http_method": "ANY",
            "id": "agi-9tih3auhtl-tnqat9-ANY",
            "integration_http_method": "POST",
            "passthrough_behavior": "WHEN_NO_MATCH",
            "request_parameters": {},
            "request_templates": {},
            "resource_id": "tnqat9",
            "rest_api_id": "9tih3auhtl",
            "timeout_milliseconds": 29000,
            "tls_config": [],
            "type": "AWS_PROXY",
            "uri": "arn:aws:apigateway:us-east-1:lambda:path/2015-03-31/functions/arn:aws:lambda:us-east-1:423089250500:function:testlambda1/invocations"
          },
          "private": "bnVsbA==",
          "dependencies": [
            "module.gateway_method.aws_api_gateway_method.proxy",
            "module.iam_role.aws_iam_role.lambda_exec",
            "module.lambda_function_in_vpc.aws_lambda_function.lambda_vpc",
            "module.restapi.aws_api_gateway_rest_api.rest_api_gateway"
          ]
        }
      ]
    },
    {
      "module": "module.gateway_method",
      "mode": "managed",
      "type": "aws_api_gateway_method",
      "name": "proxy",
      "provider": "provider[\"registry.terraform.io/hashicorp/aws\"]",
      "instances": [
        {
          "schema_version": 0,
          "attributes": {
            "api_key_required": false,
            "authorization": "AWS_IAM",
            "authorization_scopes": [],
            "authorizer_id": "",
            "http_method": "ANY",
            "id": "agm-9tih3auhtl-tnqat9-ANY",
            "operation_name": "",
            "request_models": {},
            "request_parameters": {},
            "request_validator_id": "",
            "resource_id": "tnqat9",
            "rest_api_id": "9tih3auhtl"
          },
          "private": "bnVsbA==",
          "dependencies": [
            "module.gateway_resource.aws_api_gateway_resource.proxy",
            "module.restapi.aws_api_gateway_rest_api.rest_api_gateway"
          ]
        }
      ]
    },
    {
      "module": "module.gateway_method_response",
      "mode": "managed",
      "type": "aws_api_gateway_method_response",
      "name": "response_200",
      "provider": "provider[\"registry.terraform.io/hashicorp/aws\"]",
      "instances": [
        {
          "schema_version": 0,
          "attributes": {
            "http_method": "ANY",
            "id": "agmr-9tih3auhtl-tnqat9-ANY-200",
            "resource_id": "tnqat9",
            "response_models": {
              "application/json": "Empty"
            },
            "response_parameters": {},
            "rest_api_id": "9tih3auhtl",
            "status_code": "200"
          },
          "private": "bnVsbA==",
          "dependencies": [
            "module.gateway_method.aws_api_gateway_method.proxy",
            "module.gateway_resource.aws_api_gateway_resource.proxy",
            "module.restapi.aws_api_gateway_rest_api.rest_api_gateway"
          ]
        }
      ]
    },
    {
      "module": "module.gateway_resource",
      "mode": "managed",
      "type": "aws_api_gateway_resource",
      "name": "proxy",
      "provider": "provider[\"registry.terraform.io/hashicorp/aws\"]",
      "instances": [
        {
          "schema_version": 0,
          "attributes": {
            "id": "tnqat9",
            "parent_id": "ftm0p2ixq4",
            "path": "/edltest",
            "path_part": "edltest",
            "rest_api_id": "9tih3auhtl"
          },
          "private": "bnVsbA==",
          "dependencies": [
            "module.restapi.aws_api_gateway_rest_api.rest_api_gateway"
          ]
        }
      ]
    },
    {
      "module": "module.iam_role",
      "mode": "managed",
      "type": "aws_iam_role",
      "name": "lambda_exec",
      "provider": "provider[\"registry.terraform.io/hashicorp/aws\"]",
      "instances": [
        {
          "schema_version": 0,
          "attributes": {
            "arn": "arn:aws:iam::423089250500:role/lambda_role",
            "assume_role_policy": "{\"Version\":\"2012-10-17\",\"Statement\":[{\"Sid\":\"\",\"Effect\":\"Allow\",\"Principal\":{\"Service\":\"lambda.amazonaws.com\"},\"Action\":\"sts:AssumeRole\"}]}",
            "create_date": "2021-03-03T13:55:59Z",
            "description": "",
            "force_detach_policies": false,
            "id": "lambda_role",
            "max_session_duration": 3600,
            "name": "lambda_role",
            "name_prefix": null,
            "path": "/",
            "permissions_boundary": null,
            "tags": {},
            "unique_id": "AROAWFAQVUDCA5MRKFVIX"
          },
          "private": "bnVsbA=="
        }
      ]
    },
    {
      "module": "module.lambda_function_in_vpc",
      "mode": "managed",
      "type": "aws_lambda_function",
      "name": "lambda_vpc",
      "provider": "provider[\"registry.terraform.io/hashicorp/aws\"]",
      "instances": [
        {
          "schema_version": 0,
          "attributes": {
            "arn": "arn:aws:lambda:us-east-1:423089250500:function:testlambda1",
            "code_signing_config_arn": "",
            "dead_letter_config": [],
            "description": "test1",
            "environment": [],
            "file_system_config": [],
            "filename": null,
            "function_name": "testlambda1",
            "handler": "lambda.lambda_handler",
            "id": "testlambda1",
            "image_config": [],
            "image_uri": "",
            "invoke_arn": "arn:aws:apigateway:us-east-1:lambda:path/2015-03-31/functions/arn:aws:lambda:us-east-1:423089250500:function:testlambda1/invocations",
            "kms_key_arn": "",
            "last_modified": "2021-03-03T14:52:23.559+0000",
            "layers": [],
            "memory_size": 128,
            "package_type": "Zip",
            "publish": false,
            "qualified_arn": "arn:aws:lambda:us-east-1:423089250500:function:testlambda1:$LATEST",
            "reserved_concurrent_executions": -1,
            "role": "arn:aws:iam::423089250500:role/lambda_role",
            "runtime": "python3.8",
            "s3_bucket": "testpipelineec2",
            "s3_key": "lambda/edl_lambda_redshiftaccess.zip",
            "s3_object_version": null,
            "signing_job_arn": "",
            "signing_profile_version_arn": "",
            "source_code_hash": "PFe8jrvD3ShOH5OE9ZWBgxg1k54DKCunyXftFvx/HN0=",
            "source_code_size": 2035,
            "tags": {},
            "timeout": 3,
            "timeouts": null,
            "tracing_config": [
              {
                "mode": "PassThrough"
              }
            ],
            "version": "$LATEST",
            "vpc_config": []
          },
          "private": "eyJlMmJmYjczMC1lY2FhLTExZTYtOGY4OC0zNDM2M2JjN2M0YzAiOnsiY3JlYXRlIjo2MDAwMDAwMDAwMDB9fQ==",
          "dependencies": [
            "module.iam_role.aws_iam_role.lambda_exec"
          ]
        }
      ]
    },
    {
      "module": "module.lambda_permission",
      "mode": "managed",
      "type": "aws_lambda_permission",
      "name": "apigw",
      "provider": "provider[\"registry.terraform.io/hashicorp/aws\"]",
      "instances": [
        {
          "schema_version": 0,
          "attributes": {
            "action": "lambda:InvokeFunction",
            "event_source_token": null,
            "function_name": "testlambda1",
            "id": "AllowAPIGatewayInvoke",
            "principal": "apigateway.amazonaws.com",
            "qualifier": "",
            "source_account": null,
            "source_arn": "arn:aws:execute-api:us-east-1:423089250500:9tih3auhtl/*/*/edltest",
            "statement_id": "AllowAPIGatewayInvoke",
            "statement_id_prefix": null
          },
          "private": "bnVsbA==",
          "dependencies": [
            "module.gateway_resource.aws_api_gateway_resource.proxy",
            "module.iam_role.aws_iam_role.lambda_exec",
            "module.lambda_function_in_vpc.aws_lambda_function.lambda_vpc",
            "module.restapi.aws_api_gateway_rest_api.rest_api_gateway"
          ]
        }
      ]
    },
    {
      "module": "module.policy_attach",
      "mode": "managed",
      "type": "aws_iam_role_policy_attachment",
      "name": "lambda_logs",
      "provider": "provider[\"registry.terraform.io/hashicorp/aws\"]",
      "instances": [
        {
          "schema_version": 0,
          "attributes": {
            "id": "lambda_role-2021030313555169620000000a",
            "policy_arn": "arn:aws:iam::423089250500:policy/lambda_logging",
            "role": "lambda_role"
          },
          "private": "bnVsbA==",
          "dependencies": [
            "module.aws_iam_policy.aws_iam_policy.lambda_log_policy",
            "module.iam_role.aws_iam_role.lambda_exec"
          ]
        }
      ]
    },
    {
      "module": "module.restapi",
      "mode": "managed",
      "type": "aws_api_gateway_rest_api",
      "name": "rest_api_gateway",
      "provider": "provider[\"registry.terraform.io/hashicorp/aws\"]",
      "instances": [
        {
          "schema_version": 0,
          "attributes": {
            "api_key_source": "HEADER",
            "arn": "arn:aws:apigateway:us-east-1::/restapis/9tih3auhtl",
            "binary_media_types": [],
            "body": null,
            "created_date": "2021-03-03T13:55:59Z",
            "description": "Lambda gateway",
            "disable_execute_api_endpoint": false,
            "endpoint_configuration": [
              {
                "types": [
                  "REGIONAL"
                ],
                "vpc_endpoint_ids": []
              }
            ],
            "execution_arn": "arn:aws:execute-api:us-east-1:423089250500:9tih3auhtl",
            "id": "9tih3auhtl",
            "minimum_compression_size": -1,
            "name": "testapi-gateway",
            "parameters": null,
            "policy": "",
            "root_resource_id": "ftm0p2ixq4",
            "tags": {}
          },
          "private": "bnVsbA=="
        }
      ]
    }
  ]
}
